// !$*UTF8*$!
{
	archiveVersion = 1;
	classes = {
	};
	objectVersion = 50;
	objects = {

/* Begin PBXBuildFile section */
		1CBC7D3E2186EF980008AD5A /* AppDelegate.swift in Sources */ = {isa = PBXBuildFile; fileRef = 1CBC7D3D2186EF980008AD5A /* AppDelegate.swift */; };
		1CBC7D402186EF980008AD5A /* ViewController.swift in Sources */ = {isa = PBXBuildFile; fileRef = 1CBC7D3F2186EF980008AD5A /* ViewController.swift */; };
		1CBC7D432186EF980008AD5A /* Main.storyboard in Resources */ = {isa = PBXBuildFile; fileRef = 1CBC7D412186EF980008AD5A /* Main.storyboard */; };
		1CBC7D452186EFA00008AD5A /* Assets.xcassets in Resources */ = {isa = PBXBuildFile; fileRef = 1CBC7D442186EFA00008AD5A /* Assets.xcassets */; };
		1CBC7D482186EFA00008AD5A /* LaunchScreen.storyboard in Resources */ = {isa = PBXBuildFile; fileRef = 1CBC7D462186EFA00008AD5A /* LaunchScreen.storyboard */; };
		1CBC7D5221873D890008AD5A /* DWSubmitButton.swift in Sources */ = {isa = PBXBuildFile; fileRef = 1CBC7D5121873D890008AD5A /* DWSubmitButton.swift */; };
/* End PBXBuildFile section */

/* Begin PBXFileReference section */
		1CBC7D3A2186EF980008AD5A /* ButtonLoadingAnimation.app */ = {isa = PBXFileReference; explicitFileType = wrapper.application; includeInIndex = 0; path = ButtonLoadingAnimation.app; sourceTree = BUILT_PRODUCTS_DIR; };
		1CBC7D3D2186EF980008AD5A /* AppDelegate.swift */ = {isa = PBXFileReference; lastKnownFileType = sourcecode.swift; path = AppDelegate.swift; sourceTree = "<group>"; };
		1CBC7D3F2186EF980008AD5A /* ViewController.swift */ = {isa = PBXFileReference; lastKnownFileType = sourcecode.swift; path = ViewController.swift; sourceTree = "<group>"; };
		1CBC7D422186EF980008AD5A /* Base */ = {isa = PBXFileReference; lastKnownFileType = file.storyboard; name = Base; path = Base.lproj/Main.storyboard; sourceTree = "<group>"; };
		1CBC7D442186EFA00008AD5A /* Assets.xcassets */ = {isa = PBXFileReference; lastKnownFileType = folder.assetcatalog; path = Assets.xcassets; sourceTree = "<group>"; };
		1CBC7D472186EFA00008AD5A /* Base */ = {isa = PBXFileReference; lastKnownFileType = file.storyboard; name = Base; path = Base.lproj/LaunchScreen.storyboard; sourceTree = "<group>"; };
		1CBC7D492186EFA00008AD5A /* Info.plist */ = {isa = PBXFileReference; lastKnownFileType = text.plist.xml; path = Info.plist; sourceTree = "<group>"; };
		1CBC7D5121873D890008AD5A /* DWSubmitButton.swift */ = {isa = PBXFileReference; lastKnownFileType = sourcecode.swift; path = DWSubmitButton.swift; sourceTree = "<group>"; };
/* End PBXFileReference section */

/* Begin PBXFrameworksBuildPhase section */
		1CBC7D372186EF980008AD5A /* Frameworks */ = {
			isa = PBXFrameworksBuildPhase;
			buildActionMask = 2147483647;
			files = (
			);
			runOnlyForDeploymentPostprocessing = 0;
		};
/* End PBXFrameworksBuildPhase section */

/* Begin PBXGroup section */
		1CBC7D312186EF980008AD5A = {
			isa = PBXGroup;
			children = (
				1CBC7D3C2186EF980008AD5A /* ButtonLoadingAnimation */,
				1CBC7D3B2186EF980008AD5A /* Products */,
			);
			sourceTree = "<group>";
		};
		1CBC7D3B2186EF980008AD5A /* Products */ = {
			isa = PBXGroup;
			children = (
				1CBC7D3A2186EF980008AD5A /* ButtonLoadingAnimation.app */,
			);
			name = Products;
			sourceTree = "<group>";
		};
		1CBC7D3C2186EF980008AD5A /* ButtonLoadingAnimation */ = {
			isa = PBXGroup;
			children = (
				1CBC7D3D2186EF980008AD5A /* AppDelegate.swift */,
				1CBC7D5121873D890008AD5A /* DWSubmitButton.swift */,
				1CBC7D3F2186EF980008AD5A /* ViewController.swift */,
				1CBC7D412186EF980008AD5A /* Main.storyboard */,
				1CBC7D442186EFA00008AD5A /* Assets.xcassets */,
				1CBC7D462186EFA00008AD5A /* LaunchScreen.storyboard */,
				1CBC7D492186EFA00008AD5A /* Info.plist */,
			);
			path = ButtonLoadingAnimation;
			sourceTree = "<group>";
		};
/* End PBXGroup section */

/* Begin PBXNativeTarget section */
		1CBC7D392186EF980008AD5A /* ButtonLoadingAnimation */ = {
			isa = PBXNativeTarget;
			buildConfigurationList = 1CBC7D4C2186EFA00008AD5A /* Build configuration list for PBXNativeTarget "ButtonLoadingAnimation" */;
			buildPhases = (
				1CBC7D362186EF980008AD5A /* Sources */,
				1CBC7D372186EF980008AD5A /* Frameworks */,
				1CBC7D382186EF980008AD5A /* Resources */,
			);
			buildRules = (
			);
			dependencies = (
			);
			name = ButtonLoadingAnimation;
			productName = ButtonLoadingAnimation;
			productReference = 1CBC7D3A2186EF980008AD5A /* ButtonLoadingAnimation.app */;
			productType = "com.apple.product-type.application";
		};
/* End PBXNativeTarget section */

/* Begin PBXProject section */
		1CBC7D322186EF980008AD5A /* Project object */ = {
			isa = PBXProject;
			attributes = {
				LastSwiftUpdateCheck = 0940;
				LastUpgradeCheck = 0940;
				ORGANIZATIONNAME = CoderWork;
				TargetAttributes = {
					1CBC7D392186EF980008AD5A = {
						CreatedOnToolsVersion = 9.4.1;
					};
				};
			};
			buildConfigurationList = 1CBC7D352186EF980008AD5A /* Build configuration list for PBXProject "ButtonLoadingAnimation" */;
			compatibilityVersion = "Xcode 9.3";
			developmentRegion = en;
			hasScannedForEncodings = 0;
			knownRegions = (
				en,
				Base,
			);
			mainGroup = 1CBC7D312186EF980008AD5A;
			productRefGroup = 1CBC7D3B2186EF980008AD5A /* Products */;
			projectDirPath = "";
			projectRoot = "";
			targets = (
				1CBC7D392186EF980008AD5A /* ButtonLoadingAnimation */,
			);
		};
/* End PBXProject section */

/* Begin PBXResourcesBuildPhase section */
		1CBC7D382186EF980008AD5A /* Resources */ = {
			isa = PBXResourcesBuildPhase;
			buildActionMask = 2147483647;
			files = (
				1CBC7D482186EFA00008AD5A /* LaunchScreen.storyboard in Resources */,
				1CBC7D452186EFA00008AD5A /* Assets.xcassets in Resources */,
				1CBC7D432186EF980008AD5A /* Main.storyboard in Resources */,
			);
			runOnlyForDeploymentPostprocessing = 0;
		};
/* End PBXResourcesBuildPhase section */

/* Begin PBXSourcesBuildPhase section */
		1CBC7D362186EF980008AD5A /* Sources */ = {
			isa = PBXSourcesBuildPhase;
			buildActionMask = 2147483647;
			files = (
				1CBC7D402186EF980008AD5A /* ViewController.swift in Sources */,
				1CBC7D3E2186EF980008AD5A /* AppDelegate.swift in Sources */,
				1CBC7D5221873D890008AD5A /* DWSubmitButton.swift in Sources */,
			);
			runOnlyForDeploymentPostprocessing = 0;
		};
/* End PBXSourcesBuildPhase section */

/* Begin PBXVariantGroup section */
		1CBC7D412186EF980008AD5A /* Main.storyboard */ = {
			isa = PBXVariantGroup;
			children = (
				1CBC7D422186EF980008AD5A /* Base */,
			);
			name = Main.storyboard;
			sourceTree = "<group>";
		};
		1CBC7D462186EFA00008AD5A /* LaunchScreen.storyboard */ = {
			isa = PBXVariantGroup;
			children = (
				1CBC7D472186EFA00008AD5A /* Base */,
			);
			name = LaunchScreen.storyboard;
			sourceTree = "<group>";
		};
/* End PBXVariantGroup section */

/* Begin XCBuildConfiguration section */
		1CBC7D4A2186EFA00008AD5A /* Debug */ = {
			isa = XCBuildConfiguration;
			buildSettings = {
				ALWAYS_SEARCH_USER_PATHS = NO;
				CLANG_ANALYZER_NONNULL = YES;
				CLANG_ANALYZER_NUMBER_OBJECT_CONVERSION = YES_AGGRESSIVE;
				CLANG_CXX_LANGUAGE_STANDARD = "gnu++14";
				CLANG_CXX_LIBRARY = "libc++";
				CLANG_ENABLE_MODULES = YES;
				CLANG_ENABLE_OBJC_ARC = YES;
				CLANG_ENABLE_OBJC_WEAK = YES;
				CLANG_WARN_BLOCK_CAPTURE_AUTORELEASING = YES;
				CLANG_WARN_BOOL_CONVERSION = YES;
				CLANG_WARN_COMMA = YES;
				CLANG_WARN_CONSTANT_CONVERSION = YES;
				CLANG_WARN_DEPRECATED_OBJC_IMPLEMENTATIONS = YES;
				CLANG_WARN_DIRECT_OBJC_ISA_USAGE = YES_ERROR;
				CLANG_WARN_DOCUMENTATION_COMMENTS = YES;
				CLANG_WARN_EMPTY_BODY = YES;
				CLANG_WARN_ENUM_CONVERSION = YES;
				CLANG_WARN_INFINITE_RECURSION = YES;
				CLANG_WARN_INT_CONVERSION = YES;
				CLANG_WARN_NON_LITERAL_NULL_CONVERSION = YES;
				CLANG_WARN_OBJC_IMPLICIT_RETAIN_SELF = YES;
				CLANG_WARN_OBJC_LITERAL_CONVERSION = YES;
				CLANG_WARN_OBJC_ROOT_CLASS = YES_ERROR;
				CLANG_WARN_RANGE_LOOP_ANALYSIS = YES;
				CLANG_WARN_STRICT_PROTOTYPES = YES;
				CLANG_WARN_SUSPICIOUS_MOVE = YES;
				CLANG_WARN_UNGUARDED_AVAILABILITY = YES_AGGRESSIVE;
				CLANG_WARN_UNREACHABLE_CODE = YES;
				CLANG_WARN__DUPLICATE_METHOD_MATCH = YES;
				CODE_SIGN_IDENTITY = "iPhone Developer";
				COPY_PHASE_STRIP = NO;
				DEBUG_INFORMATION_FORMAT = dwarf;
				ENABLE_STRICT_OBJC_MSGSEND = YES;
				ENABLE_TESTABILITY = YES;
				GCC_C_LANGUAGE_STANDARD = gnu11;
				GCC_DYNAMIC_NO_PIC = NO;
				GCC_NO_COMMON_BLOCKS = YES;
				GCC_OPTIMIZATION_LEVEL = 0;
				GCC_PREPROCESSOR_DEFINITIONS = (
					"DEBUG=1",
					"$(inherited)",
				);
				GCC_WARN_64_TO_32_BIT_CONVERSION = YES;
				GCC_WARN_ABOUT_RETURN_TYPE = YES_ERROR;
				GCC_WARN_UNDECLARED_SELECTOR = YES;
				GCC_WARN_UNINITIALIZED_AUTOS = YES_AGGRESSIVE;
				GCC_WARN_UNUSED_FUNCTION = YES;
				GCC_WARN_UNUSED_VARIABLE = YES;
				IPHONEOS_DEPLOYMENT_TARGET = 11.4;
				MTL_ENABLE_DEBUG_INFO = YES;
				ONLY_ACTIVE_ARCH = YES;
				SDKROOT = iphoneos;
				SWIFT_ACTIVE_COMPILATION_CONDITIONS = DEBUG;
				SWIFT_OPTIMIZATION_LEVEL = "-Onone";
			};
			name = Debug;
		};
		1CBC7D4B2186EFA00008AD5A /* Release */ = {
			isa = XCBuildConfiguration;
			buildSettings = {
				ALWAYS_SEARCH_USER_PATHS = NO;
				CLANG_ANALYZER_NONNULL = YES;
				CLANG_ANALYZER_NUMBER_OBJECT_CONVERSION = YES_AGGRESSIVE;
				CLANG_CXX_LANGUAGE_STANDARD = "gnu++14";
				CLANG_CXX_LIBRARY = "libc++";
				CLANG_ENABLE_MODULES = YES;
				CLANG_ENABLE_OBJC_ARC = YES;
				CLANG_ENABLE_OBJC_WEAK = YES;
				CLANG_WARN_BLOCK_CAPTURE_AUTORELEASING = YES;
				CLANG_WARN_BOOL_CONVERSION = YES;
				CLANG_WARN_COMMA = YES;
				CLANG_WARN_CONSTANT_CONVERSION = YES;
				CLANG_WARN_DEPRECATED_OBJC_IMPLEMENTATIONS = YES;
				CLANG_WARN_DIRECT_OBJC_ISA_USAGE = YES_ERROR;
				CLANG_WARN_DOCUMENTATION_COMMENTS = YES;
				CLANG_WARN_EMPTY_BODY = YES;
				CLANG_WARN_ENUM_CONVERSION = YES;
				CLANG_WARN_INFINITE_RECURSION = YES;
				CLANG_WARN_INT_CONVERSION = YES;
				CLANG_WARN_NON_LITERAL_NULL_CONVERSION = YES;
				CLANG_WARN_OBJC_IMPLICIT_RETAIN_SELF = YES;
				CLANG_WARN_OBJC_LITERAL_CONVERSION = YES;
				CLANG_WARN_OBJC_ROOT_CLASS = YES_ERROR;
				CLANG_WARN_RANGE_LOOP_ANALYSIS = YES;
				CLANG_WARN_STRICT_PROTOTYPES = YES;
				CLANG_WARN_SUSPICIOUS_MOVE = YES;
				CLANG_WARN_UNGUARDED_AVAILABILITY = YES_AGGRESSIVE;
				CLANG_WARN_UNREACHABLE_CODE = YES;
				CLANG_WARN__DUPLICATE_METHOD_MATCH = YES;
				CODE_SIGN_IDENTITY = "iPhone Developer";
				COPY_PHASE_STRIP = NO;
				DEBUG_INFORMATION_FORMAT = "dwarf-with-dsym";
				ENABLE_NS_ASSERTIONS = NO;
				ENABLE_STRICT_OBJC_MSGSEND = YES;
				GCC_C_LANGUAGE_STANDARD = gnu11;
				GCC_NO_COMMON_BLOCKS = YES;
				GCC_WARN_64_TO_32_BIT_CONVERSION = YES;
				GCC_WARN_ABOUT_RETURN_TYPE = YES_ERROR;
				GCC_WARN_UNDECLARED_SELECTOR = YES;
				GCC_WARN_UNINITIALIZED_AUTOS = YES_AGGRESSIVE;
				GCC_WARN_UNUSED_FUNCTION = YES;
				GCC_WARN_UNUSED_VARIABLE = YES;
				IPHONEOS_DEPLOYMENT_TARGET = 11.4;
				MTL_ENABLE_DEBUG_INFO = NO;
				SDKROOT = iphoneos;
				SWIFT_COMPILATION_MODE = wholemodule;
				SWIFT_OPTIMIZATION_LEVEL = "-O";
				VALIDATE_PRODUCT = YES;
			};
			name = Release;
		};
		1CBC7D4D2186EFA00008AD5A /* Debug */ = {
			isa = XCBuildConfiguration;
			buildSettings = {
				ASSETCATALOG_COMPILER_APPICON_NAME = AppIcon;
				CODE_SIGN_STYLE = Automatic;
				INFOPLIST_FILE = ButtonLoadingAnimation/Info.plist;
				LD_RUNPATH_SEARCH_PATHS = (
					"$(inherited)",
					"@executable_path/Frameworks",
				);
				PRODUCT_BUNDLE_IDENTIFIER = mukul.ButtonLoadingAnimation;
				PRODUCT_NAME = "$(TARGET_NAME)";
				SWIFT_VERSION = 4.0;
				TARGETED_DEVICE_FAMILY = "1,2";
			};
			name = Debug;
		};
		1CBC7D4E2186EFA00008AD5A /* Release */ = {
			isa = XCBuildConfiguration;
			buildSettings = {
				ASSETCATALOG_COMPILER_APPICON_NAME = AppIcon;
				CODE_SIGN_STYLE = Automatic;
				INFOPLIST_FILE = ButtonLoadingAnimation/Info.plist;
				LD_RUNPATH_SEARCH_PATHS = (
					"$(inherited)",
					"@executable_path/Frameworks",
				);
				PRODUCT_BUNDLE_IDENTIFIER = mukul.ButtonLoadingAnimation;
				PRODUCT_NAME = "$(TARGET_NAME)";
				SWIFT_VERSION = 4.0;
				TARGETED_DEVICE_FAMILY = "1,2";
			};
			name = Release;
		};
/* End XCBuildConfiguration section */

/* Begin XCConfigurationList section */
		1CBC7D352186EF980008AD5A /* Build configuration list for PBXProject "ButtonLoadingAnimation" */ = {
			isa = XCConfigurationList;
			buildConfigurations = (
				1CBC7D4A2186EFA00008AD5A /* Debug */,
				1CBC7D4B2186EFA00008AD5A /* Release */,
			);
			defaultConfigurationIsVisible = 0;
			defaultConfigurationName = Release;
		};
		1CBC7D4C2186EFA00008AD5A /* Build configuration list for PBXNativeTarget "ButtonLoadingAnimation" */ = {
			isa = XCConfigurationList;
			buildConfigurations = (
				1CBC7D4D2186EFA00008AD5A /* Debug */,
				1CBC7D4E2186EFA00008AD5A /* Release */,
			);
			defaultConfigurationIsVisible = 0;
			defaultConfigurationName = Release;
		};
/* End XCConfigurationList section */
	};
	rootObject = 1CBC7D322186EF980008AD5A /* Project object */;
}
